
Microsoft Visual Studio Solution File, Format Version 12.00
# Visual Studio Version 17
VisualStudioVersion = 17.7.34202.233
MinimumVisualStudioVersion = 10.0.40219.1
Project("{FAE04EC0-301F-11D3-BF4B-00C04F79EFBC}") = "Task_1", "Task_1\Task_1.csproj", "{B07923B9-198F-446F-9259-E50CE0A83282}"
EndProject
Project("{FAE04EC0-301F-11D3-BF4B-00C04F79EFBC}") = "Task_2", "Task_2\Task_2.csproj", "{BD156005-B366-4967-B12B-4063576DDCF1}"
EndProject
Project("{FAE04EC0-301F-11D3-BF4B-00C04F79EFBC}") = "Task_3", "Task_3\Task_3.csproj", "{75885DC6-306C-4109-AEB0-744FD4DC33C3}"
EndProject
Global
	GlobalSection(SolutionConfigurationPlatforms) = preSolution
		Debug|Any CPU = Debug|Any CPU
		Release|Any CPU = Release|Any CPU
	EndGlobalSection
	GlobalSection(ProjectConfigurationPlatforms) = postSolution
		{B07923B9-198F-446F-9259-E50CE0A83282}.Debug|Any CPU.ActiveCfg = Debug|Any CPU
		{B07923B9-198F-446F-9259-E50CE0A83282}.Debug|Any CPU.Build.0 = Debug|Any CPU
		{B07923B9-198F-446F-9259-E50CE0A83282}.Release|Any CPU.ActiveCfg = Release|Any CPU
		{B07923B9-198F-446F-9259-E50CE0A83282}.Release|Any CPU.Build.0 = Release|Any CPU
		{BD156005-B366-4967-B12B-4063576DDCF1}.Debug|Any CPU.ActiveCfg = Debug|Any CPU
		{BD156005-B366-4967-B12B-4063576DDCF1}.Debug|Any CPU.Build.0 = Debug|Any CPU
		{BD156005-B366-4967-B12B-4063576DDCF1}.Release|Any CPU.ActiveCfg = Release|Any CPU
		{BD156005-B366-4967-B12B-4063576DDCF1}.Release|Any CPU.Build.0 = Release|Any CPU
		{75885DC6-306C-4109-AEB0-744FD4DC33C3}.Debug|Any CPU.ActiveCfg = Debug|Any CPU
		{75885DC6-306C-4109-AEB0-744FD4DC33C3}.Debug|Any CPU.Build.0 = Debug|Any CPU
		{75885DC6-306C-4109-AEB0-744FD4DC33C3}.Release|Any CPU.ActiveCfg = Release|Any CPU
		{75885DC6-306C-4109-AEB0-744FD4DC33C3}.Release|Any CPU.Build.0 = Release|Any CPU
	EndGlobalSection
	GlobalSection(SolutionProperties) = preSolution
		HideSolutionNode = FALSE
	EndGlobalSection
	GlobalSection(ExtensibilityGlobals) = postSolution
		SolutionGuid = {04F3CCE0-D488-42AD-A46A-1BD10DB7BBB2}
	EndGlobalSection
EndGlobal
